# This file is automatically @generated by Cargo.
# It is not intended for manual editing.
version = 3

[[package]]
name = "aac"
version = "0.0.0"
source = "registry+https://github.com/rust-lang/crates.io-index"
checksum = "f541b6b07998a999454a2869a0ad0da750e01f8621d1e492f98bfa496febc839"

[[package]]
name = "acc_reader"
version = "2.0.0"
source = "registry+https://github.com/rust-lang/crates.io-index"
checksum = "0fd023affea2bbda90ae32be0563f64ada6d4666d90e60c20277ae4ce08e2799"

[[package]]
name = "soos-sample-project"
version = "1.0.1"
dependencies = [
 "aac",
 "acc_reader",
]
